
Microsoft Visual Studio Solution File, Format Version 12.00
# Visual Studio Version 17
VisualStudioVersion = 17.9.34622.214
MinimumVisualStudioVersion = 10.0.40219.1
Project("{9A19103F-16F7-4668-BE54-9A1E7A4F7556}") = "Jacustran", "Jacustran\Jacustran\Jacustran.csproj", "{570BD530-19DA-49D0-973D-7AEC84908A8D}"
EndProject
Project("{9A19103F-16F7-4668-BE54-9A1E7A4F7556}") = "Jacustran.Client", "Jacustran\Jacustran.Client\Jacustran.Client.csproj", "{74FD9E5A-F076-43AB-81B0-A24EC6AA3A08}"
EndProject
Project("{2150E333-8FDC-42A3-9474-1A3956D46DE8}") = "Main", "Main", "{48E8CD4E-93F8-4E5B-B751-E6E41D35E24F}"
EndProject
Project("{2150E333-8FDC-42A3-9474-1A3956D46DE8}") = "Interface", "Interface", "{874E3C9D-FC7F-4754-8CC3-F240394BEB6F}"
EndProject
Project("{2150E333-8FDC-42A3-9474-1A3956D46DE8}") = "Core", "Core", "{5DB1553D-3726-434B-8AA0-D6916D9C8865}"
EndProject
Project("{2150E333-8FDC-42A3-9474-1A3956D46DE8}") = "External", "External", "{8E2C3A0C-900E-4102-9125-EE81C34FEA7F}"
EndProject
Project("{9A19103F-16F7-4668-BE54-9A1E7A4F7556}") = "Jacustran.Domain", "Jacustran.Domain\Jacustran.Domain.csproj", "{86B2A6C9-6E29-4536-847A-E32622FDDA89}"
EndProject
Project("{9A19103F-16F7-4668-BE54-9A1E7A4F7556}") = "Jacustran.Application", "Jacustran.Application\Jacustran.Application.csproj", "{A45CA8C5-A899-4196-838A-845F761642AC}"
EndProject
Project("{9A19103F-16F7-4668-BE54-9A1E7A4F7556}") = "Jacustran.Persistence", "Jacustran.Persistence\Jacustran.Persistence.csproj", "{69568E94-1A6C-4246-A843-C72F54237B4A}"
EndProject
Project("{9A19103F-16F7-4668-BE54-9A1E7A4F7556}") = "Jucustran.Infrastructure", "Jucustran.Infrastructure\Jucustran.Infrastructure.csproj", "{7105F685-4088-432B-AF9E-6B2EE147CDCC}"
EndProject
Project("{9A19103F-16F7-4668-BE54-9A1E7A4F7556}") = "Jacustran.Presentation", "Jacustran.Presentation\Jacustran.Presentation.csproj", "{7F3F1B25-99E0-418E-9599-E7AF68B83EEB}"
EndProject
Project("{9A19103F-16F7-4668-BE54-9A1E7A4F7556}") = "Jacustran.SharedKernel", "Jacustran.Shared\Jacustran.SharedKernel.csproj", "{029FF717-0948-4EA1-A4C8-CF3A3B8E7FA0}"
EndProject
Project("{2150E333-8FDC-42A3-9474-1A3956D46DE8}") = "Shop_BC", "Shop_BC", "{7B0AD8DB-F843-4B10-8231-7407C393C7FC}"
EndProject
Project("{2150E333-8FDC-42A3-9474-1A3956D46DE8}") = "Travel_BC", "Travel_BC", "{7FBB6C20-2FEB-4FB2-BAF8-4026C26BA6C4}"
EndProject
Global
	GlobalSection(SolutionConfigurationPlatforms) = preSolution
		Debug|Any CPU = Debug|Any CPU
		Release|Any CPU = Release|Any CPU
	EndGlobalSection
	GlobalSection(ProjectConfigurationPlatforms) = postSolution
		{570BD530-19DA-49D0-973D-7AEC84908A8D}.Debug|Any CPU.ActiveCfg = Debug|Any CPU
		{570BD530-19DA-49D0-973D-7AEC84908A8D}.Debug|Any CPU.Build.0 = Debug|Any CPU
		{570BD530-19DA-49D0-973D-7AEC84908A8D}.Release|Any CPU.ActiveCfg = Release|Any CPU
		{570BD530-19DA-49D0-973D-7AEC84908A8D}.Release|Any CPU.Build.0 = Release|Any CPU
		{74FD9E5A-F076-43AB-81B0-A24EC6AA3A08}.Debug|Any CPU.ActiveCfg = Debug|Any CPU
		{74FD9E5A-F076-43AB-81B0-A24EC6AA3A08}.Debug|Any CPU.Build.0 = Debug|Any CPU
		{74FD9E5A-F076-43AB-81B0-A24EC6AA3A08}.Release|Any CPU.ActiveCfg = Release|Any CPU
		{74FD9E5A-F076-43AB-81B0-A24EC6AA3A08}.Release|Any CPU.Build.0 = Release|Any CPU
		{86B2A6C9-6E29-4536-847A-E32622FDDA89}.Debug|Any CPU.ActiveCfg = Debug|Any CPU
		{86B2A6C9-6E29-4536-847A-E32622FDDA89}.Debug|Any CPU.Build.0 = Debug|Any CPU
		{86B2A6C9-6E29-4536-847A-E32622FDDA89}.Release|Any CPU.ActiveCfg = Release|Any CPU
		{86B2A6C9-6E29-4536-847A-E32622FDDA89}.Release|Any CPU.Build.0 = Release|Any CPU
		{A45CA8C5-A899-4196-838A-845F761642AC}.Debug|Any CPU.ActiveCfg = Debug|Any CPU
		{A45CA8C5-A899-4196-838A-845F761642AC}.Debug|Any CPU.Build.0 = Debug|Any CPU
		{A45CA8C5-A899-4196-838A-845F761642AC}.Release|Any CPU.ActiveCfg = Release|Any CPU
		{A45CA8C5-A899-4196-838A-845F761642AC}.Release|Any CPU.Build.0 = Release|Any CPU
		{69568E94-1A6C-4246-A843-C72F54237B4A}.Debug|Any CPU.ActiveCfg = Debug|Any CPU
		{69568E94-1A6C-4246-A843-C72F54237B4A}.Debug|Any CPU.Build.0 = Debug|Any CPU
		{69568E94-1A6C-4246-A843-C72F54237B4A}.Release|Any CPU.ActiveCfg = Release|Any CPU
		{69568E94-1A6C-4246-A843-C72F54237B4A}.Release|Any CPU.Build.0 = Release|Any CPU
		{7105F685-4088-432B-AF9E-6B2EE147CDCC}.Debug|Any CPU.ActiveCfg = Debug|Any CPU
		{7105F685-4088-432B-AF9E-6B2EE147CDCC}.Debug|Any CPU.Build.0 = Debug|Any CPU
		{7105F685-4088-432B-AF9E-6B2EE147CDCC}.Release|Any CPU.ActiveCfg = Release|Any CPU
		{7105F685-4088-432B-AF9E-6B2EE147CDCC}.Release|Any CPU.Build.0 = Release|Any CPU
		{7F3F1B25-99E0-418E-9599-E7AF68B83EEB}.Debug|Any CPU.ActiveCfg = Debug|Any CPU
		{7F3F1B25-99E0-418E-9599-E7AF68B83EEB}.Debug|Any CPU.Build.0 = Debug|Any CPU
		{7F3F1B25-99E0-418E-9599-E7AF68B83EEB}.Release|Any CPU.ActiveCfg = Release|Any CPU
		{7F3F1B25-99E0-418E-9599-E7AF68B83EEB}.Release|Any CPU.Build.0 = Release|Any CPU
		{029FF717-0948-4EA1-A4C8-CF3A3B8E7FA0}.Debug|Any CPU.ActiveCfg = Debug|Any CPU
		{029FF717-0948-4EA1-A4C8-CF3A3B8E7FA0}.Debug|Any CPU.Build.0 = Debug|Any CPU
		{029FF717-0948-4EA1-A4C8-CF3A3B8E7FA0}.Release|Any CPU.ActiveCfg = Release|Any CPU
		{029FF717-0948-4EA1-A4C8-CF3A3B8E7FA0}.Release|Any CPU.Build.0 = Release|Any CPU
	EndGlobalSection
	GlobalSection(SolutionProperties) = preSolution
		HideSolutionNode = FALSE
	EndGlobalSection
	GlobalSection(NestedProjects) = preSolution
		{570BD530-19DA-49D0-973D-7AEC84908A8D} = {874E3C9D-FC7F-4754-8CC3-F240394BEB6F}
		{74FD9E5A-F076-43AB-81B0-A24EC6AA3A08} = {874E3C9D-FC7F-4754-8CC3-F240394BEB6F}
		{874E3C9D-FC7F-4754-8CC3-F240394BEB6F} = {48E8CD4E-93F8-4E5B-B751-E6E41D35E24F}
		{5DB1553D-3726-434B-8AA0-D6916D9C8865} = {7FBB6C20-2FEB-4FB2-BAF8-4026C26BA6C4}
		{8E2C3A0C-900E-4102-9125-EE81C34FEA7F} = {7FBB6C20-2FEB-4FB2-BAF8-4026C26BA6C4}
		{86B2A6C9-6E29-4536-847A-E32622FDDA89} = {5DB1553D-3726-434B-8AA0-D6916D9C8865}
		{A45CA8C5-A899-4196-838A-845F761642AC} = {5DB1553D-3726-434B-8AA0-D6916D9C8865}
		{69568E94-1A6C-4246-A843-C72F54237B4A} = {8E2C3A0C-900E-4102-9125-EE81C34FEA7F}
		{7105F685-4088-432B-AF9E-6B2EE147CDCC} = {8E2C3A0C-900E-4102-9125-EE81C34FEA7F}
		{7F3F1B25-99E0-418E-9599-E7AF68B83EEB} = {874E3C9D-FC7F-4754-8CC3-F240394BEB6F}
		{029FF717-0948-4EA1-A4C8-CF3A3B8E7FA0} = {48E8CD4E-93F8-4E5B-B751-E6E41D35E24F}
		{7B0AD8DB-F843-4B10-8231-7407C393C7FC} = {48E8CD4E-93F8-4E5B-B751-E6E41D35E24F}
		{7FBB6C20-2FEB-4FB2-BAF8-4026C26BA6C4} = {48E8CD4E-93F8-4E5B-B751-E6E41D35E24F}
	EndGlobalSection
	GlobalSection(ExtensibilityGlobals) = postSolution
		SolutionGuid = {F19D146F-9D6A-4CAA-A39C-46E35AC211F9}
	EndGlobalSection
EndGlobal
